{
  "name": "maps",
  "version": "1.0.0",
  "lockfileVersion": 2,
  "requires": true,
  "packages": {
    "": {
      "name": "maps",
      "version": "1.0.0",
      "license": "ISC",
      "dependencies": {
        "@types/faker": "^5.5.9",
        "@types/google.maps": "^3.47.2",
        "@types/googlemaps": "^3.43.3"
      }
    },
    "node_modules/@types/faker": {
      "version": "5.5.9",
      "resolved": "https://registry.npmjs.org/@types/faker/-/faker-5.5.9.tgz",
      "integrity": "sha512-uCx6mP3UY5SIO14XlspxsGjgaemrxpssJI0Ol+GfhxtcKpv9pgRZYsS4eeKeHVLje6Qtc8lGszuBI461+gVZBA=="
    },
    "node_modules/@types/google.maps": {
      "version": "3.47.2",
      "resolved": "https://registry.npmjs.org/@types/google.maps/-/google.maps-3.47.2.tgz",
      "integrity": "sha512-mFmt428CY4UN49U8KH5J4RfcdkeRu6SZyPIXxU1MA0pnHb4pqn/c/whawTodB3pkKWe8F9fXfUlpBFsk9HucXw=="
    },
    "node_modules/@types/googlemaps": {
      "version": "3.43.3",
      "resolved": "https://registry.npmjs.org/@types/googlemaps/-/googlemaps-3.43.3.tgz",
      "integrity": "sha512-ZWNoz/O8MPEpiajvj7QiqCY8tTLFNqNZ/a+s+zTV58wFVNAvvqV4bdGfnsjTb5Cs4V6wEsLrX8XRhmnyYJ2Tdg==",
      "deprecated": "Types for the Google Maps browser API have moved to @types/google.maps. Note: these types are not for the googlemaps npm package, which is a Node API."
    }
  },
  "dependencies": {
    "@types/faker": {
      "version": "5.5.9",
      "resolved": "https://registry.npmjs.org/@types/faker/-/faker-5.5.9.tgz",
      "integrity": "sha512-uCx6mP3UY5SIO14XlspxsGjgaemrxpssJI0Ol+GfhxtcKpv9pgRZYsS4eeKeHVLje6Qtc8lGszuBI461+gVZBA=="
    },
    "@types/google.maps": {
      "version": "3.47.2",
      "resolved": "https://registry.npmjs.org/@types/google.maps/-/google.maps-3.47.2.tgz",
      "integrity": "sha512-mFmt428CY4UN49U8KH5J4RfcdkeRu6SZyPIXxU1MA0pnHb4pqn/c/whawTodB3pkKWe8F9fXfUlpBFsk9HucXw=="
    },
    "@types/googlemaps": {
      "version": "3.43.3",
      "resolved": "https://registry.npmjs.org/@types/googlemaps/-/googlemaps-3.43.3.tgz",
      "integrity": "sha512-ZWNoz/O8MPEpiajvj7QiqCY8tTLFNqNZ/a+s+zTV58wFVNAvvqV4bdGfnsjTb5Cs4V6wEsLrX8XRhmnyYJ2Tdg=="
    }
  }
}
